
Microsoft Visual Studio Solution File, Format Version 12.00
# Visual Studio Version 17
VisualStudioVersion = 17.0.31903.59
MinimumVisualStudioVersion = 10.0.40219.1
Project("{2150E333-8FDC-42A3-9474-1A3956D46DE8}") = "src", "src", "{7F51427B-D459-4918-B550-F73DDD839140}"
EndProject
Project("{FAE04EC0-301F-11D3-BF4B-00C04F79EFBC}") = "VelocipedeUtils.Authentication.AuthBL", "src\VelocipedeUtils.Authentication.AuthBL\VelocipedeUtils.Authentication.AuthBL.csproj", "{40A8A432-B1A6-496D-B9E3-91E5EBA18593}"
EndProject
Project("{FAE04EC0-301F-11D3-BF4B-00C04F79EFBC}") = "VelocipedeUtils.Authentication.AuthGrpcApi", "src\VelocipedeUtils.Authentication.AuthGrpcApi\VelocipedeUtils.Authentication.AuthGrpcApi.csproj", "{2138DC5B-0233-4F28-AD15-C0F8E0D17542}"
EndProject
Project("{FAE04EC0-301F-11D3-BF4B-00C04F79EFBC}") = "VelocipedeUtils.Authentication.AuthWebApi", "src\VelocipedeUtils.Authentication.AuthWebApi\VelocipedeUtils.Authentication.AuthWebApi.csproj", "{0F1B3ED7-3A98-45CA-B4FA-22C083CB2CCA}"
EndProject
Project("{FAE04EC0-301F-11D3-BF4B-00C04F79EFBC}") = "VelocipedeUtils.Authentication.Models", "src\VelocipedeUtils.Authentication.Models\VelocipedeUtils.Authentication.Models.csproj", "{BFAB739C-43EC-4AF7-86B9-CC5B65CD9EE0}"
EndProject
Global
	GlobalSection(SolutionConfigurationPlatforms) = preSolution
		Debug|Any CPU = Debug|Any CPU
		Release|Any CPU = Release|Any CPU
	EndGlobalSection
	GlobalSection(SolutionProperties) = preSolution
		HideSolutionNode = FALSE
	EndGlobalSection
	GlobalSection(ProjectConfigurationPlatforms) = postSolution
		{40A8A432-B1A6-496D-B9E3-91E5EBA18593}.Debug|Any CPU.ActiveCfg = Debug|Any CPU
		{40A8A432-B1A6-496D-B9E3-91E5EBA18593}.Debug|Any CPU.Build.0 = Debug|Any CPU
		{40A8A432-B1A6-496D-B9E3-91E5EBA18593}.Release|Any CPU.ActiveCfg = Release|Any CPU
		{40A8A432-B1A6-496D-B9E3-91E5EBA18593}.Release|Any CPU.Build.0 = Release|Any CPU
		{2138DC5B-0233-4F28-AD15-C0F8E0D17542}.Debug|Any CPU.ActiveCfg = Debug|Any CPU
		{2138DC5B-0233-4F28-AD15-C0F8E0D17542}.Debug|Any CPU.Build.0 = Debug|Any CPU
		{2138DC5B-0233-4F28-AD15-C0F8E0D17542}.Release|Any CPU.ActiveCfg = Release|Any CPU
		{2138DC5B-0233-4F28-AD15-C0F8E0D17542}.Release|Any CPU.Build.0 = Release|Any CPU
		{0F1B3ED7-3A98-45CA-B4FA-22C083CB2CCA}.Debug|Any CPU.ActiveCfg = Debug|Any CPU
		{0F1B3ED7-3A98-45CA-B4FA-22C083CB2CCA}.Debug|Any CPU.Build.0 = Debug|Any CPU
		{0F1B3ED7-3A98-45CA-B4FA-22C083CB2CCA}.Release|Any CPU.ActiveCfg = Release|Any CPU
		{0F1B3ED7-3A98-45CA-B4FA-22C083CB2CCA}.Release|Any CPU.Build.0 = Release|Any CPU
		{BFAB739C-43EC-4AF7-86B9-CC5B65CD9EE0}.Debug|Any CPU.ActiveCfg = Debug|Any CPU
		{BFAB739C-43EC-4AF7-86B9-CC5B65CD9EE0}.Debug|Any CPU.Build.0 = Debug|Any CPU
		{BFAB739C-43EC-4AF7-86B9-CC5B65CD9EE0}.Release|Any CPU.ActiveCfg = Release|Any CPU
		{BFAB739C-43EC-4AF7-86B9-CC5B65CD9EE0}.Release|Any CPU.Build.0 = Release|Any CPU
	EndGlobalSection
	GlobalSection(NestedProjects) = preSolution
		{40A8A432-B1A6-496D-B9E3-91E5EBA18593} = {7F51427B-D459-4918-B550-F73DDD839140}
		{2138DC5B-0233-4F28-AD15-C0F8E0D17542} = {7F51427B-D459-4918-B550-F73DDD839140}
		{0F1B3ED7-3A98-45CA-B4FA-22C083CB2CCA} = {7F51427B-D459-4918-B550-F73DDD839140}
		{BFAB739C-43EC-4AF7-86B9-CC5B65CD9EE0} = {7F51427B-D459-4918-B550-F73DDD839140}
	EndGlobalSection
EndGlobal
