
Microsoft Visual Studio Solution File, Format Version 12.00
# Visual Studio Version 16
VisualStudioVersion = 16.0.30114.105
MinimumVisualStudioVersion = 10.0.40219.1
Project("{FAE04EC0-301F-11D3-BF4B-00C04F79EFBC}") = "VelocipedeUtils.Examples.RealEstateManager", "api\VelocipedeUtils.Examples.RealEstateManager.csproj", "{8403421A-F3BE-40DA-8C68-90A55D6DF0A2}"
EndProject
Project("{FAE04EC0-301F-11D3-BF4B-00C04F79EFBC}") = "VelocipedeUtils.Examples.RealEstateManager.DataAccess", "dataaccess\VelocipedeUtils.Examples.RealEstateManager.DataAccess.csproj", "{B09CCFA9-0C3C-4935-A822-4CED3F64C0D6}"
EndProject
Project("{FAE04EC0-301F-11D3-BF4B-00C04F79EFBC}") = "VelocipedeUtils.Examples.RealEstateManager.Database", "database\VelocipedeUtils.Examples.RealEstateManager.Database.csproj", "{DC802A28-BDB8-43A0-928E-F4CF5C96838A}"
EndProject
Project("{FAE04EC0-301F-11D3-BF4B-00C04F79EFBC}") = "VelocipedeUtils.Examples.RealEstateManager.Types", "types\VelocipedeUtils.Examples.RealEstateManager.Types.csproj", "{DC1860BB-1566-40A5-9420-77FB14A3A72C}"
EndProject
Project("{FAE04EC0-301F-11D3-BF4B-00C04F79EFBC}") = "VelocipedeUtils.Examples.RealEstateManager.Utilities", "utilities\VelocipedeUtils.Examples.RealEstateManager.Utilities.csproj", "{289A71C9-1C6D-476C-908E-48DE662C2CBB}"
EndProject
Global
	GlobalSection(SolutionConfigurationPlatforms) = preSolution
		Debug|Any CPU = Debug|Any CPU
		Release|Any CPU = Release|Any CPU
	EndGlobalSection
	GlobalSection(SolutionProperties) = preSolution
		HideSolutionNode = FALSE
	EndGlobalSection
	GlobalSection(ProjectConfigurationPlatforms) = postSolution
		{8403421A-F3BE-40DA-8C68-90A55D6DF0A2}.Debug|Any CPU.ActiveCfg = Debug|Any CPU
		{8403421A-F3BE-40DA-8C68-90A55D6DF0A2}.Debug|Any CPU.Build.0 = Debug|Any CPU
		{8403421A-F3BE-40DA-8C68-90A55D6DF0A2}.Release|Any CPU.ActiveCfg = Release|Any CPU
		{8403421A-F3BE-40DA-8C68-90A55D6DF0A2}.Release|Any CPU.Build.0 = Release|Any CPU
		{B09CCFA9-0C3C-4935-A822-4CED3F64C0D6}.Debug|Any CPU.ActiveCfg = Debug|Any CPU
		{B09CCFA9-0C3C-4935-A822-4CED3F64C0D6}.Debug|Any CPU.Build.0 = Debug|Any CPU
		{B09CCFA9-0C3C-4935-A822-4CED3F64C0D6}.Release|Any CPU.ActiveCfg = Release|Any CPU
		{B09CCFA9-0C3C-4935-A822-4CED3F64C0D6}.Release|Any CPU.Build.0 = Release|Any CPU
		{DC802A28-BDB8-43A0-928E-F4CF5C96838A}.Debug|Any CPU.ActiveCfg = Debug|Any CPU
		{DC802A28-BDB8-43A0-928E-F4CF5C96838A}.Debug|Any CPU.Build.0 = Debug|Any CPU
		{DC802A28-BDB8-43A0-928E-F4CF5C96838A}.Release|Any CPU.ActiveCfg = Release|Any CPU
		{DC802A28-BDB8-43A0-928E-F4CF5C96838A}.Release|Any CPU.Build.0 = Release|Any CPU
		{DC1860BB-1566-40A5-9420-77FB14A3A72C}.Debug|Any CPU.ActiveCfg = Debug|Any CPU
		{DC1860BB-1566-40A5-9420-77FB14A3A72C}.Debug|Any CPU.Build.0 = Debug|Any CPU
		{DC1860BB-1566-40A5-9420-77FB14A3A72C}.Release|Any CPU.ActiveCfg = Release|Any CPU
		{DC1860BB-1566-40A5-9420-77FB14A3A72C}.Release|Any CPU.Build.0 = Release|Any CPU
		{289A71C9-1C6D-476C-908E-48DE662C2CBB}.Debug|Any CPU.ActiveCfg = Debug|Any CPU
		{289A71C9-1C6D-476C-908E-48DE662C2CBB}.Debug|Any CPU.Build.0 = Debug|Any CPU
		{289A71C9-1C6D-476C-908E-48DE662C2CBB}.Release|Any CPU.ActiveCfg = Release|Any CPU
		{289A71C9-1C6D-476C-908E-48DE662C2CBB}.Release|Any CPU.Build.0 = Release|Any CPU
	EndGlobalSection
EndGlobal
