
Microsoft Visual Studio Solution File, Format Version 12.00
# Visual Studio Version 17
VisualStudioVersion = 17.13.35828.75 d17.13
MinimumVisualStudioVersion = 10.0.40219.1
Project("{FAE04EC0-301F-11D3-BF4B-00C04F79EFBC}") = "WorkflowLib.UnifiedBusinessPlatform.Core", "core\WorkflowLib.UnifiedBusinessPlatform.Core.csproj", "{BE7DED0A-9DAD-4294-88AE-E0CD8BBD9238}"
EndProject
Project("{FAE04EC0-301F-11D3-BF4B-00C04F79EFBC}") = "Tests.WorkflowLib.UnifiedBusinessPlatform", "tests\Tests.WorkflowLib.UnifiedBusinessPlatform.csproj", "{CE8457F4-5E55-4D0A-8A6B-5BC384848DE8}"
EndProject
Project("{FAE04EC0-301F-11D3-BF4B-00C04F79EFBC}") = "WorkflowLib.UnifiedBusinessPlatform", "webapp\WorkflowLib.UnifiedBusinessPlatform.csproj", "{253B28F7-CB28-4231-B8C2-5BE07BC26453}"
EndProject
Project("{FAE04EC0-301F-11D3-BF4B-00C04F79EFBC}") = "WorkflowLib.Shared.Models.Business", "..\Shared\Models.Business\WorkflowLib.Shared.Models.Business.csproj", "{4E8D0C56-C7E3-3156-C722-62964140B831}"
EndProject
Project("{FAE04EC0-301F-11D3-BF4B-00C04F79EFBC}") = "WorkflowLib.Shared.Models", "..\Shared\Models\WorkflowLib.Shared.Models.csproj", "{B7944427-7381-D209-DA3E-0FBEA11BD434}"
EndProject
Project("{FAE04EC0-301F-11D3-BF4B-00C04F79EFBC}") = "WorkflowLib.Shared.CodeExtensions", "..\Shared\CodeExtensions\WorkflowLib.Shared.CodeExtensions.csproj", "{3A4ED49D-0720-6A96-1D9D-F327394D687B}"
EndProject
Global
	GlobalSection(SolutionConfigurationPlatforms) = preSolution
		Debug|Any CPU = Debug|Any CPU
		Release|Any CPU = Release|Any CPU
	EndGlobalSection
	GlobalSection(ProjectConfigurationPlatforms) = postSolution
		{BE7DED0A-9DAD-4294-88AE-E0CD8BBD9238}.Debug|Any CPU.ActiveCfg = Debug|Any CPU
		{BE7DED0A-9DAD-4294-88AE-E0CD8BBD9238}.Debug|Any CPU.Build.0 = Debug|Any CPU
		{BE7DED0A-9DAD-4294-88AE-E0CD8BBD9238}.Release|Any CPU.ActiveCfg = Release|Any CPU
		{BE7DED0A-9DAD-4294-88AE-E0CD8BBD9238}.Release|Any CPU.Build.0 = Release|Any CPU
		{CE8457F4-5E55-4D0A-8A6B-5BC384848DE8}.Debug|Any CPU.ActiveCfg = Debug|Any CPU
		{CE8457F4-5E55-4D0A-8A6B-5BC384848DE8}.Debug|Any CPU.Build.0 = Debug|Any CPU
		{CE8457F4-5E55-4D0A-8A6B-5BC384848DE8}.Release|Any CPU.ActiveCfg = Release|Any CPU
		{CE8457F4-5E55-4D0A-8A6B-5BC384848DE8}.Release|Any CPU.Build.0 = Release|Any CPU
		{253B28F7-CB28-4231-B8C2-5BE07BC26453}.Debug|Any CPU.ActiveCfg = Debug|Any CPU
		{253B28F7-CB28-4231-B8C2-5BE07BC26453}.Debug|Any CPU.Build.0 = Debug|Any CPU
		{253B28F7-CB28-4231-B8C2-5BE07BC26453}.Release|Any CPU.ActiveCfg = Release|Any CPU
		{253B28F7-CB28-4231-B8C2-5BE07BC26453}.Release|Any CPU.Build.0 = Release|Any CPU
		{4E8D0C56-C7E3-3156-C722-62964140B831}.Debug|Any CPU.ActiveCfg = Debug|Any CPU
		{4E8D0C56-C7E3-3156-C722-62964140B831}.Debug|Any CPU.Build.0 = Debug|Any CPU
		{4E8D0C56-C7E3-3156-C722-62964140B831}.Release|Any CPU.ActiveCfg = Release|Any CPU
		{4E8D0C56-C7E3-3156-C722-62964140B831}.Release|Any CPU.Build.0 = Release|Any CPU
		{B7944427-7381-D209-DA3E-0FBEA11BD434}.Debug|Any CPU.ActiveCfg = Debug|Any CPU
		{B7944427-7381-D209-DA3E-0FBEA11BD434}.Debug|Any CPU.Build.0 = Debug|Any CPU
		{B7944427-7381-D209-DA3E-0FBEA11BD434}.Release|Any CPU.ActiveCfg = Release|Any CPU
		{B7944427-7381-D209-DA3E-0FBEA11BD434}.Release|Any CPU.Build.0 = Release|Any CPU
		{3A4ED49D-0720-6A96-1D9D-F327394D687B}.Debug|Any CPU.ActiveCfg = Debug|Any CPU
		{3A4ED49D-0720-6A96-1D9D-F327394D687B}.Debug|Any CPU.Build.0 = Debug|Any CPU
		{3A4ED49D-0720-6A96-1D9D-F327394D687B}.Release|Any CPU.ActiveCfg = Release|Any CPU
		{3A4ED49D-0720-6A96-1D9D-F327394D687B}.Release|Any CPU.Build.0 = Release|Any CPU
	EndGlobalSection
	GlobalSection(SolutionProperties) = preSolution
		HideSolutionNode = FALSE
	EndGlobalSection
EndGlobal
