
Microsoft Visual Studio Solution File, Format Version 12.00
# Visual Studio Version 16
VisualStudioVersion = 16.0.31112.23
MinimumVisualStudioVersion = 10.0.40219.1
Project("{FAE04EC0-301F-11D3-BF4B-00C04F79EFBC}") = "BuildGraph", "BuildGraph\BuildGraph.csproj", "{3E082B93-4EBE-4BC7-8017-CD8B8DC4C8F9}"
EndProject
Global
	GlobalSection(SolutionConfigurationPlatforms) = preSolution
		Debug|Any CPU = Debug|Any CPU
		Release|Any CPU = Release|Any CPU
	EndGlobalSection
	GlobalSection(ProjectConfigurationPlatforms) = postSolution
		{3E082B93-4EBE-4BC7-8017-CD8B8DC4C8F9}.Debug|Any CPU.ActiveCfg = Debug|Any CPU
		{3E082B93-4EBE-4BC7-8017-CD8B8DC4C8F9}.Debug|Any CPU.Build.0 = Debug|Any CPU
		{3E082B93-4EBE-4BC7-8017-CD8B8DC4C8F9}.Release|Any CPU.ActiveCfg = Release|Any CPU
		{3E082B93-4EBE-4BC7-8017-CD8B8DC4C8F9}.Release|Any CPU.Build.0 = Release|Any CPU
	EndGlobalSection
	GlobalSection(SolutionProperties) = preSolution
		HideSolutionNode = FALSE
	EndGlobalSection
	GlobalSection(ExtensibilityGlobals) = postSolution
		SolutionGuid = {BA1C2772-6B52-416C-956B-61DA45DB009C}
	EndGlobalSection
EndGlobal
