
Microsoft Visual Studio Solution File, Format Version 12.00
# Visual Studio Version 17
VisualStudioVersion = 17.0.31903.59
MinimumVisualStudioVersion = 10.0.40219.1
Project("{FAE04EC0-301F-11D3-BF4B-00C04F79EFBC}") = "WorkflowLib.FileMqBroker.HttpService", "WorkflowLib.FileMqBroker.HttpService\WorkflowLib.FileMqBroker.HttpService.csproj", "{0BD1869C-CC3D-4D41-AB92-5F195BE08DE9}"
EndProject
Global
	GlobalSection(SolutionConfigurationPlatforms) = preSolution
		Debug|Any CPU = Debug|Any CPU
		Release|Any CPU = Release|Any CPU
	EndGlobalSection
	GlobalSection(ProjectConfigurationPlatforms) = postSolution
		{0BD1869C-CC3D-4D41-AB92-5F195BE08DE9}.Debug|Any CPU.ActiveCfg = Debug|Any CPU
		{0BD1869C-CC3D-4D41-AB92-5F195BE08DE9}.Debug|Any CPU.Build.0 = Debug|Any CPU
		{0BD1869C-CC3D-4D41-AB92-5F195BE08DE9}.Release|Any CPU.ActiveCfg = Release|Any CPU
		{0BD1869C-CC3D-4D41-AB92-5F195BE08DE9}.Release|Any CPU.Build.0 = Release|Any CPU
	EndGlobalSection
	GlobalSection(SolutionProperties) = preSolution
		HideSolutionNode = FALSE
	EndGlobalSection
	GlobalSection(ExtensibilityGlobals) = postSolution
		SolutionGuid = {54B0057E-FC2D-4762-8044-0A751AB94108}
	EndGlobalSection
EndGlobal
