
Microsoft Visual Studio Solution File, Format Version 12.00
# Visual Studio Version 17
VisualStudioVersion = 17.0.31903.59
MinimumVisualStudioVersion = 10.0.40219.1
Project("{FAE04EC0-301F-11D3-BF4B-00C04F79EFBC}") = "VelocipedeUtils.PixelTerminalUI.ServiceEngine", "VelocipedeUtils.PixelTerminalUI.ServiceEngine\VelocipedeUtils.PixelTerminalUI.ServiceEngine.csproj", "{429392D8-65D0-4EC8-AACE-FD1C167EDD6E}"
EndProject
Project("{FAE04EC0-301F-11D3-BF4B-00C04F79EFBC}") = "VelocipedeUtils.PixelTerminalUI.TcpHostedService", "VelocipedeUtils.PixelTerminalUI.TcpHostedService\VelocipedeUtils.PixelTerminalUI.TcpHostedService.csproj", "{093D91BF-6592-4A0F-86C5-E58D4885CF77}"
EndProject
Project("{FAE04EC0-301F-11D3-BF4B-00C04F79EFBC}") = "VelocipedeUtils.PixelTerminalUI.ConsoleClient", "VelocipedeUtils.PixelTerminalUI.ConsoleClient\VelocipedeUtils.PixelTerminalUI.ConsoleClient.csproj", "{564F1ED4-C83F-4CD4-8622-FCC90B5277F3}"
EndProject
Project("{FAE04EC0-301F-11D3-BF4B-00C04F79EFBC}") = "VelocipedeUtils.PixelTerminalUI.ConsoleAdapter", "VelocipedeUtils.PixelTerminalUI.ConsoleAdapter\VelocipedeUtils.PixelTerminalUI.ConsoleAdapter.csproj", "{973EBE90-4B2A-4931-9A2D-0F2A5DD9E19A}"
EndProject
Project("{FAE04EC0-301F-11D3-BF4B-00C04F79EFBC}") = "VelocipedeUtils.PixelTerminalUI.BusinessVisuals", "VelocipedeUtils.PixelTerminalUI.BusinessVisuals\VelocipedeUtils.PixelTerminalUI.BusinessVisuals.csproj", "{737B4008-748E-4013-8672-BA8AAB865772}"
EndProject
Project("{FAE04EC0-301F-11D3-BF4B-00C04F79EFBC}") = "VelocipedeUtils.PixelTerminalUI.WebApiServer", "VelocipedeUtils.PixelTerminalUI.WebApiServer\VelocipedeUtils.PixelTerminalUI.WebApiServer.csproj", "{3E3269EB-CD71-4318-A9E3-BC07CB12D81D}"
EndProject
Project("{FAE04EC0-301F-11D3-BF4B-00C04F79EFBC}") = "VelocipedeUtils.Shared.Models", "..\Shared\Models\VelocipedeUtils.Shared.Models.csproj", "{B7944427-7381-D209-DA3E-0FBEA11BD434}"
EndProject
Project("{FAE04EC0-301F-11D3-BF4B-00C04F79EFBC}") = "VelocipedeUtils.Shared.Models.Business", "..\Shared\Models.Business\VelocipedeUtils.Shared.Models.Business.csproj", "{4E8D0C56-C7E3-3156-C722-62964140B831}"
EndProject
Project("{FAE04EC0-301F-11D3-BF4B-00C04F79EFBC}") = "VelocipedeUtils.PixelTerminalUI.Dal", "VelocipedeUtils.PixelTerminalUI.Dal\VelocipedeUtils.PixelTerminalUI.Dal.csproj", "{30340D31-133C-4B57-91E0-F7CDA141EB5F}"
EndProject
Project("{2150E333-8FDC-42A3-9474-1A3956D46DE8}") = "Shared", "Shared", "{02EA681E-C7D8-13C7-8484-4AC65E1B71E8}"
EndProject
Global
	GlobalSection(SolutionConfigurationPlatforms) = preSolution
		Debug|Any CPU = Debug|Any CPU
		Release|Any CPU = Release|Any CPU
	EndGlobalSection
	GlobalSection(ProjectConfigurationPlatforms) = postSolution
		{429392D8-65D0-4EC8-AACE-FD1C167EDD6E}.Debug|Any CPU.ActiveCfg = Debug|Any CPU
		{429392D8-65D0-4EC8-AACE-FD1C167EDD6E}.Debug|Any CPU.Build.0 = Debug|Any CPU
		{429392D8-65D0-4EC8-AACE-FD1C167EDD6E}.Release|Any CPU.ActiveCfg = Release|Any CPU
		{429392D8-65D0-4EC8-AACE-FD1C167EDD6E}.Release|Any CPU.Build.0 = Release|Any CPU
		{093D91BF-6592-4A0F-86C5-E58D4885CF77}.Debug|Any CPU.ActiveCfg = Debug|Any CPU
		{093D91BF-6592-4A0F-86C5-E58D4885CF77}.Debug|Any CPU.Build.0 = Debug|Any CPU
		{093D91BF-6592-4A0F-86C5-E58D4885CF77}.Release|Any CPU.ActiveCfg = Release|Any CPU
		{093D91BF-6592-4A0F-86C5-E58D4885CF77}.Release|Any CPU.Build.0 = Release|Any CPU
		{564F1ED4-C83F-4CD4-8622-FCC90B5277F3}.Debug|Any CPU.ActiveCfg = Debug|Any CPU
		{564F1ED4-C83F-4CD4-8622-FCC90B5277F3}.Debug|Any CPU.Build.0 = Debug|Any CPU
		{564F1ED4-C83F-4CD4-8622-FCC90B5277F3}.Release|Any CPU.ActiveCfg = Release|Any CPU
		{564F1ED4-C83F-4CD4-8622-FCC90B5277F3}.Release|Any CPU.Build.0 = Release|Any CPU
		{973EBE90-4B2A-4931-9A2D-0F2A5DD9E19A}.Debug|Any CPU.ActiveCfg = Debug|Any CPU
		{973EBE90-4B2A-4931-9A2D-0F2A5DD9E19A}.Debug|Any CPU.Build.0 = Debug|Any CPU
		{973EBE90-4B2A-4931-9A2D-0F2A5DD9E19A}.Release|Any CPU.ActiveCfg = Release|Any CPU
		{973EBE90-4B2A-4931-9A2D-0F2A5DD9E19A}.Release|Any CPU.Build.0 = Release|Any CPU
		{737B4008-748E-4013-8672-BA8AAB865772}.Debug|Any CPU.ActiveCfg = Debug|Any CPU
		{737B4008-748E-4013-8672-BA8AAB865772}.Debug|Any CPU.Build.0 = Debug|Any CPU
		{737B4008-748E-4013-8672-BA8AAB865772}.Release|Any CPU.ActiveCfg = Release|Any CPU
		{737B4008-748E-4013-8672-BA8AAB865772}.Release|Any CPU.Build.0 = Release|Any CPU
		{3E3269EB-CD71-4318-A9E3-BC07CB12D81D}.Debug|Any CPU.ActiveCfg = Debug|Any CPU
		{3E3269EB-CD71-4318-A9E3-BC07CB12D81D}.Debug|Any CPU.Build.0 = Debug|Any CPU
		{3E3269EB-CD71-4318-A9E3-BC07CB12D81D}.Release|Any CPU.ActiveCfg = Release|Any CPU
		{3E3269EB-CD71-4318-A9E3-BC07CB12D81D}.Release|Any CPU.Build.0 = Release|Any CPU
		{B7944427-7381-D209-DA3E-0FBEA11BD434}.Debug|Any CPU.ActiveCfg = Debug|Any CPU
		{B7944427-7381-D209-DA3E-0FBEA11BD434}.Debug|Any CPU.Build.0 = Debug|Any CPU
		{B7944427-7381-D209-DA3E-0FBEA11BD434}.Release|Any CPU.ActiveCfg = Release|Any CPU
		{B7944427-7381-D209-DA3E-0FBEA11BD434}.Release|Any CPU.Build.0 = Release|Any CPU
		{4E8D0C56-C7E3-3156-C722-62964140B831}.Debug|Any CPU.ActiveCfg = Debug|Any CPU
		{4E8D0C56-C7E3-3156-C722-62964140B831}.Debug|Any CPU.Build.0 = Debug|Any CPU
		{4E8D0C56-C7E3-3156-C722-62964140B831}.Release|Any CPU.ActiveCfg = Release|Any CPU
		{4E8D0C56-C7E3-3156-C722-62964140B831}.Release|Any CPU.Build.0 = Release|Any CPU
		{30340D31-133C-4B57-91E0-F7CDA141EB5F}.Debug|Any CPU.ActiveCfg = Debug|Any CPU
		{30340D31-133C-4B57-91E0-F7CDA141EB5F}.Debug|Any CPU.Build.0 = Debug|Any CPU
		{30340D31-133C-4B57-91E0-F7CDA141EB5F}.Release|Any CPU.ActiveCfg = Release|Any CPU
		{30340D31-133C-4B57-91E0-F7CDA141EB5F}.Release|Any CPU.Build.0 = Release|Any CPU
	EndGlobalSection
	GlobalSection(SolutionProperties) = preSolution
		HideSolutionNode = FALSE
	EndGlobalSection
	GlobalSection(NestedProjects) = preSolution
		{B7944427-7381-D209-DA3E-0FBEA11BD434} = {02EA681E-C7D8-13C7-8484-4AC65E1B71E8}
		{4E8D0C56-C7E3-3156-C722-62964140B831} = {02EA681E-C7D8-13C7-8484-4AC65E1B71E8}
	EndGlobalSection
	GlobalSection(ExtensibilityGlobals) = postSolution
		SolutionGuid = {08E094FB-BF12-40FA-A1F1-21F9A09B0553}
	EndGlobalSection
EndGlobal
