
Microsoft Visual Studio Solution File, Format Version 12.00
# Visual Studio Version 17
VisualStudioVersion = 17.13.35828.75 d17.13
MinimumVisualStudioVersion = 10.0.40219.1
Project("{FAE04EC0-301F-11D3-BF4B-00C04F79EFBC}") = "WorkflowLib.DataStorage.Core", "WorkflowLib.DataStorage.Core\WorkflowLib.DataStorage.Core.csproj", "{806E50DE-A82A-41BC-B8FF-23CA68A7B19F}"
EndProject
Project("{FAE04EC0-301F-11D3-BF4B-00C04F79EFBC}") = "WorkflowLib.DataStorage.Core.Tests", "WorkflowLib.DataStorage.Core.Tests\WorkflowLib.DataStorage.Core.Tests.csproj", "{C21B2258-2826-4337-9F12-2A19428478E3}"
EndProject
Project("{FAE04EC0-301F-11D3-BF4B-00C04F79EFBC}") = "WorkflowLib.DataStorage.InMemoryService.Grpc", "WorkflowLib.DataStorage.InMemoryService.Grpc\WorkflowLib.DataStorage.InMemoryService.Grpc.csproj", "{EAD33A73-B2E9-4C4D-B999-A85C67AA500B}"
EndProject
Project("{FAE04EC0-301F-11D3-BF4B-00C04F79EFBC}") = "WorkflowLib.DataStorage.Models", "WorkflowLib.DataStorage.Models\WorkflowLib.DataStorage.Models.csproj", "{4944598A-6053-4E86-A0D1-F2D9DFB9E915}"
EndProject
Project("{FAE04EC0-301F-11D3-BF4B-00C04F79EFBC}") = "WorkflowLib.DataStorage.InMemoryService.Grpc.Tests", "WorkflowLib.DataStorage.InMemoryService.Grpc.Tests\WorkflowLib.DataStorage.InMemoryService.Grpc.Tests.csproj", "{61AAFF42-D6DE-4E1E-B0E7-07BB76089C7D}"
EndProject
Global
	GlobalSection(SolutionConfigurationPlatforms) = preSolution
		Debug|Any CPU = Debug|Any CPU
		Release|Any CPU = Release|Any CPU
	EndGlobalSection
	GlobalSection(ProjectConfigurationPlatforms) = postSolution
		{806E50DE-A82A-41BC-B8FF-23CA68A7B19F}.Debug|Any CPU.ActiveCfg = Debug|Any CPU
		{806E50DE-A82A-41BC-B8FF-23CA68A7B19F}.Debug|Any CPU.Build.0 = Debug|Any CPU
		{806E50DE-A82A-41BC-B8FF-23CA68A7B19F}.Release|Any CPU.ActiveCfg = Release|Any CPU
		{806E50DE-A82A-41BC-B8FF-23CA68A7B19F}.Release|Any CPU.Build.0 = Release|Any CPU
		{C21B2258-2826-4337-9F12-2A19428478E3}.Debug|Any CPU.ActiveCfg = Debug|Any CPU
		{C21B2258-2826-4337-9F12-2A19428478E3}.Debug|Any CPU.Build.0 = Debug|Any CPU
		{C21B2258-2826-4337-9F12-2A19428478E3}.Release|Any CPU.ActiveCfg = Release|Any CPU
		{C21B2258-2826-4337-9F12-2A19428478E3}.Release|Any CPU.Build.0 = Release|Any CPU
		{EAD33A73-B2E9-4C4D-B999-A85C67AA500B}.Debug|Any CPU.ActiveCfg = Debug|Any CPU
		{EAD33A73-B2E9-4C4D-B999-A85C67AA500B}.Debug|Any CPU.Build.0 = Debug|Any CPU
		{EAD33A73-B2E9-4C4D-B999-A85C67AA500B}.Release|Any CPU.ActiveCfg = Release|Any CPU
		{EAD33A73-B2E9-4C4D-B999-A85C67AA500B}.Release|Any CPU.Build.0 = Release|Any CPU
		{4944598A-6053-4E86-A0D1-F2D9DFB9E915}.Debug|Any CPU.ActiveCfg = Debug|Any CPU
		{4944598A-6053-4E86-A0D1-F2D9DFB9E915}.Debug|Any CPU.Build.0 = Debug|Any CPU
		{4944598A-6053-4E86-A0D1-F2D9DFB9E915}.Release|Any CPU.ActiveCfg = Release|Any CPU
		{4944598A-6053-4E86-A0D1-F2D9DFB9E915}.Release|Any CPU.Build.0 = Release|Any CPU
		{61AAFF42-D6DE-4E1E-B0E7-07BB76089C7D}.Debug|Any CPU.ActiveCfg = Debug|Any CPU
		{61AAFF42-D6DE-4E1E-B0E7-07BB76089C7D}.Debug|Any CPU.Build.0 = Debug|Any CPU
		{61AAFF42-D6DE-4E1E-B0E7-07BB76089C7D}.Release|Any CPU.ActiveCfg = Release|Any CPU
		{61AAFF42-D6DE-4E1E-B0E7-07BB76089C7D}.Release|Any CPU.Build.0 = Release|Any CPU
	EndGlobalSection
	GlobalSection(SolutionProperties) = preSolution
		HideSolutionNode = FALSE
	EndGlobalSection
EndGlobal
